Microsoft Visual Studio Solution File, Format Version 12.00
# Visual Studio Version 17
VisualStudioVersion = 17.13.35825.156
MinimumVisualStudioVersion = 10.0.40219.1
Project("{FAE04EC0-301F-11D3-BF4B-00C04F79EFBC}") = "ERD_Diagrams", "ERD_Diagrams.csproj", "{A3F12D26-638F-4CDA-88D1-FEF9854A78D3}"
EndProject
Global
	GlobalSection(SolutionConfigurationPlatforms) = preSolution
		Debug|Any CPU = Debug|Any CPU
		Release|Any CPU = Release|Any CPU
	EndGlobalSection
	GlobalSection(ProjectConfigurationPlatforms) = postSolution
		{A3F12D26-638F-4CDA-88D1-FEF9854A78D3}.Debug|Any CPU.ActiveCfg = Debug|Any CPU
		{A3F12D26-638F-4CDA-88D1-FEF9854A78D3}.Debug|Any CPU.Build.0 = Debug|Any CPU
		{A3F12D26-638F-4CDA-88D1-FEF9854A78D3}.Release|Any CPU.ActiveCfg = Release|Any CPU
		{A3F12D26-638F-4CDA-88D1-FEF9854A78D3}.Release|Any CPU.Build.0 = Release|Any CPU
	EndGlobalSection
	GlobalSection(SolutionProperties) = preSolution
		HideSolutionNode = FALSE
	EndGlobalSection
	GlobalSection(ExtensibilityGlobals) = postSolution
		SolutionGuid = {D7BC2B2A-A547-4528-9A7D-3702D9FC92E1}
	EndGlobalSection
EndGlobal
